
Microsoft Visual Studio Solution File, Format Version 12.00
# Visual Studio Version 16
VisualStudioVersion = 16.0.30717.126
MinimumVisualStudioVersion = 10.0.40219.1
Project("{8BC9CEB8-8B4A-11D0-8D11-00A0C91BC942}") = "gdalstuff", "gdalstuff\gdalstuff.vcxproj", "{1F2EE586-131E-45C7-AFFD-83A2D9DB6AEB}"
EndProject
Project("{2150E333-8FDC-42A3-9474-1A3956D46DE8}") = "Solution Items", "Solution Items", "{CCB710AA-61E4-4A0C-BF3A-4639F1526CDC}"
	ProjectSection(SolutionItems) = preProject
		gdalstuff\gdal-2.4.2\gdal204.dll = gdalstuff\gdal-2.4.2\gdal204.dll
	EndProjectSection
EndProject
Global
	GlobalSection(SolutionConfigurationPlatforms) = preSolution
		Debug|x64 = Debug|x64
		Debug|x86 = Debug|x86
		Release|x64 = Release|x64
		Release|x86 = Release|x86
	EndGlobalSection
	GlobalSection(ProjectConfigurationPlatforms) = postSolution
		{1F2EE586-131E-45C7-AFFD-83A2D9DB6AEB}.Debug|x64.ActiveCfg = Debug|x64
		{1F2EE586-131E-45C7-AFFD-83A2D9DB6AEB}.Debug|x64.Build.0 = Debug|x64
		{1F2EE586-131E-45C7-AFFD-83A2D9DB6AEB}.Debug|x86.ActiveCfg = Debug|Win32
		{1F2EE586-131E-45C7-AFFD-83A2D9DB6AEB}.Debug|x86.Build.0 = Debug|Win32
		{1F2EE586-131E-45C7-AFFD-83A2D9DB6AEB}.Release|x64.ActiveCfg = Release|x64
		{1F2EE586-131E-45C7-AFFD-83A2D9DB6AEB}.Release|x64.Build.0 = Release|x64
		{1F2EE586-131E-45C7-AFFD-83A2D9DB6AEB}.Release|x86.ActiveCfg = Release|Win32
		{1F2EE586-131E-45C7-AFFD-83A2D9DB6AEB}.Release|x86.Build.0 = Release|Win32
	EndGlobalSection
	GlobalSection(SolutionProperties) = preSolution
		HideSolutionNode = FALSE
	EndGlobalSection
	GlobalSection(ExtensibilityGlobals) = postSolution
		SolutionGuid = {9BAA228D-0795-44CB-9D73-FA3395D8DB28}
	EndGlobalSection
EndGlobal
